{
  "name": "deriv-daily-bot",
  "version": "1.0.0",
  "lockfileVersion": 3,
  "requires": true,
  "packages": {
    "": {
      "name": "deriv-daily-bot",
      "version": "1.0.0",
      "private": true,
      "dependencies": {
        "dotenv": "^16.4.5",
        "ws": "^8.17.0"
      }
    },
    "node_modules/dotenv": {
      "version": "16.4.5",
      "resolved": "https://registry.npmjs.org/dotenv/-/dotenv-16.4.5.tgz",
      "integrity": "sha512-ZmdL2rui+eB2YwhxHhw3DQ3iZGM8d91roAaIAuxeVqojkzbqVmn4i+m9dNHw0DqJxuwrjg6RPRhZeE+trGKo0A=="
    },
    "node_modules/ws": {
      "version": "8.17.0",
      "resolved": "https://registry.npmjs.org/ws/-/ws-8.17.0.tgz",
      "integrity": "sha512-uJq6uLcWMOKyS7+1Z8DwaSE5w+qKp5GEUTQQVEhvEgW4fGz6K0Wy+1Y4Dkx5JdI9fYt3VqwYFl9kIvYFOjsQ=="
    }
  }
}
